// !$*UTF8*$!
{
	archiveVersion = 1;
	classes = {
	};
	objectVersion = 51;
	objects = {

/* Begin PBXBuildFile section */
		1437ED6A267C9BD80098FCAC /* AppDelegate.swift in Sources */ = {isa = PBXBuildFile; fileRef = 1437ED69267C9BD80098FCAC /* AppDelegate.swift */; };
		1437ED6C267C9BD80098FCAC /* SceneDelegate.swift in Sources */ = {isa = PBXBuildFile; fileRef = 1437ED6B267C9BD80098FCAC /* SceneDelegate.swift */; };
		1437ED6E267C9BD80098FCAC /* ViewController.swift in Sources */ = {isa = PBXBuildFile; fileRef = 1437ED6D267C9BD80098FCAC /* ViewController.swift */; };
		1437ED71267C9BD80098FCAC /* Main.storyboard in Resources */ = {isa = PBXBuildFile; fileRef = 1437ED6F267C9BD80098FCAC /* Main.storyboard */; };
		1437ED73267C9BE10098FCAC /* Assets.xcassets in Resources */ = {isa = PBXBuildFile; fileRef = 1437ED72267C9BE10098FCAC /* Assets.xcassets */; };
		1437ED76267C9BE10098FCAC /* LaunchScreen.storyboard in Resources */ = {isa = PBXBuildFile; fileRef = 1437ED74267C9BE10098FCAC /* LaunchScreen.storyboard */; };
		1437ED7E267CD66B0098FCAC /* GoogleService-Info.plist in Resources */ = {isa = PBXBuildFile; fileRef = 1437ED7D267CD66A0098FCAC /* GoogleService-Info.plist */; };
		E28A3CFDBBD94A382CBF5AA5 /* Pods_Messanger.framework in Frameworks */ = {isa = PBXBuildFile; fileRef = B5DE3D93C94A569B01FC84B6 /* Pods_Messanger.framework */; };
/* End PBXBuildFile section */

/* Begin PBXFileReference section */
		1437ED66267C9BD80098FCAC /* Messanger.app */ = {isa = PBXFileReference; explicitFileType = wrapper.application; includeInIndex = 0; path = Messanger.app; sourceTree = BUILT_PRODUCTS_DIR; };
		1437ED69267C9BD80098FCAC /* AppDelegate.swift */ = {isa = PBXFileReference; lastKnownFileType = sourcecode.swift; path = AppDelegate.swift; sourceTree = "<group>"; };
		1437ED6B267C9BD80098FCAC /* SceneDelegate.swift */ = {isa = PBXFileReference; lastKnownFileType = sourcecode.swift; path = SceneDelegate.swift; sourceTree = "<group>"; };
		1437ED6D267C9BD80098FCAC /* ViewController.swift */ = {isa = PBXFileReference; lastKnownFileType = sourcecode.swift; path = ViewController.swift; sourceTree = "<group>"; };
		1437ED70267C9BD80098FCAC /* Base */ = {isa = PBXFileReference; lastKnownFileType = file.storyboard; name = Base; path = Base.lproj/Main.storyboard; sourceTree = "<group>"; };
		1437ED72267C9BE10098FCAC /* Assets.xcassets */ = {isa = PBXFileReference; lastKnownFileType = folder.assetcatalog; path = Assets.xcassets; sourceTree = "<group>"; };
		1437ED75267C9BE10098FCAC /* Base */ = {isa = PBXFileReference; lastKnownFileType = file.storyboard; name = Base; path = Base.lproj/LaunchScreen.storyboard; sourceTree = "<group>"; };
		1437ED77267C9BE10098FCAC /* Info.plist */ = {isa = PBXFileReference; lastKnownFileType = text.plist.xml; path = Info.plist; sourceTree = "<group>"; };
		1437ED7D267CD66A0098FCAC /* GoogleService-Info.plist */ = {isa = PBXFileReference; fileEncoding = 4; lastKnownFileType = text.plist.xml; path = "GoogleService-Info.plist"; sourceTree = "<group>"; };
		813318D33EB2C62257F2C890 /* Pods-Messanger.debug.xcconfig */ = {isa = PBXFileReference; includeInIndex = 1; lastKnownFileType = text.xcconfig; name = "Pods-Messanger.debug.xcconfig"; path = "Target Support Files/Pods-Messanger/Pods-Messanger.debug.xcconfig"; sourceTree = "<group>"; };
		B5DE3D93C94A569B01FC84B6 /* Pods_Messanger.framework */ = {isa = PBXFileReference; explicitFileType = wrapper.framework; includeInIndex = 0; path = Pods_Messanger.framework; sourceTree = BUILT_PRODUCTS_DIR; };
		F38A1B1A132988FC0ECF53B0 /* Pods-Messanger.release.xcconfig */ = {isa = PBXFileReference; includeInIndex = 1; lastKnownFileType = text.xcconfig; name = "Pods-Messanger.release.xcconfig"; path = "Target Support Files/Pods-Messanger/Pods-Messanger.release.xcconfig"; sourceTree = "<group>"; };
/* End PBXFileReference section */

/* Begin PBXFrameworksBuildPhase section */
		1437ED63267C9BD80098FCAC /* Frameworks */ = {
			isa = PBXFrameworksBuildPhase;
			buildActionMask = 2147483647;
			files = (
				E28A3CFDBBD94A382CBF5AA5 /* Pods_Messanger.framework in Frameworks */,
			);
			runOnlyForDeploymentPostprocessing = 0;
		};
/* End PBXFrameworksBuildPhase section */

/* Begin PBXGroup section */
		1437ED5D267C9BD80098FCAC = {
			isa = PBXGroup;
			children = (
				1437ED68267C9BD80098FCAC /* Messanger */,
				1437ED67267C9BD80098FCAC /* Products */,
				8FAC242CCED2197BD9257A44 /* Pods */,
				D80939498F48DE8E7819B74C /* Frameworks */,
			);
			sourceTree = "<group>";
		};
		1437ED67267C9BD80098FCAC /* Products */ = {
			isa = PBXGroup;
			children = (
				1437ED66267C9BD80098FCAC /* Messanger.app */,
			);
			name = Products;
			sourceTree = "<group>";
		};
		1437ED68267C9BD80098FCAC /* Messanger */ = {
			isa = PBXGroup;
			children = (
				1437ED69267C9BD80098FCAC /* AppDelegate.swift */,
				1437ED6B267C9BD80098FCAC /* SceneDelegate.swift */,
				1437ED6D267C9BD80098FCAC /* ViewController.swift */,
				1437ED6F267C9BD80098FCAC /* Main.storyboard */,
				1437ED72267C9BE10098FCAC /* Assets.xcassets */,
				1437ED74267C9BE10098FCAC /* LaunchScreen.storyboard */,
				1437ED77267C9BE10098FCAC /* Info.plist */,
				1437ED7D267CD66A0098FCAC /* GoogleService-Info.plist */,
			);
			path = Messanger;
			sourceTree = "<group>";
		};
		8FAC242CCED2197BD9257A44 /* Pods */ = {
			isa = PBXGroup;
			children = (
				813318D33EB2C62257F2C890 /* Pods-Messanger.debug.xcconfig */,
				F38A1B1A132988FC0ECF53B0 /* Pods-Messanger.release.xcconfig */,
			);
			path = Pods;
			sourceTree = "<group>";
		};
		D80939498F48DE8E7819B74C /* Frameworks */ = {
			isa = PBXGroup;
			children = (
				B5DE3D93C94A569B01FC84B6 /* Pods_Messanger.framework */,
			);
			name = Frameworks;
			sourceTree = "<group>";
		};
/* End PBXGroup section */

/* Begin PBXNativeTarget section */
		1437ED65267C9BD80098FCAC /* Messanger */ = {
			isa = PBXNativeTarget;
			buildConfigurationList = 1437ED7A267C9BE10098FCAC /* Build configuration list for PBXNativeTarget "Messanger" */;
			buildPhases = (
				933D07342727376A59A9B890 /* [CP] Check Pods Manifest.lock */,
				1437ED62267C9BD80098FCAC /* Sources */,
				1437ED63267C9BD80098FCAC /* Frameworks */,
				1437ED64267C9BD80098FCAC /* Resources */,
				2C7A7058309B7BDC45AE6A96 /* [CP] Embed Pods Frameworks */,
			);
			buildRules = (
			);
			dependencies = (
			);
			name = Messanger;
			productName = Messanger;
			productReference = 1437ED66267C9BD80098FCAC /* Messanger.app */;
			productType = "com.apple.product-type.application";
		};
/* End PBXNativeTarget section */

/* Begin PBXProject section */
		1437ED5E267C9BD80098FCAC /* Project object */ = {
			isa = PBXProject;
			attributes = {
				LastSwiftUpdateCheck = 1250;
				LastUpgradeCheck = 1250;
				TargetAttributes = {
					1437ED65267C9BD80098FCAC = {
						CreatedOnToolsVersion = 12.5;
					};
				};
			};
			buildConfigurationList = 1437ED61267C9BD80098FCAC /* Build configuration list for PBXProject "Messanger" */;
			compatibilityVersion = "Xcode 9.3";
			developmentRegion = en;
			hasScannedForEncodings = 0;
			knownRegions = (
				en,
				Base,
			);
			mainGroup = 1437ED5D267C9BD80098FCAC;
			productRefGroup = 1437ED67267C9BD80098FCAC /* Products */;
			projectDirPath = "";
			projectRoot = "";
			targets = (
				1437ED65267C9BD80098FCAC /* Messanger */,
			);
		};
/* End PBXProject section */

/* Begin PBXResourcesBuildPhase section */
		1437ED64267C9BD80098FCAC /* Resources */ = {
			isa = PBXResourcesBuildPhase;
			buildActionMask = 2147483647;
			files = (
				1437ED7E267CD66B0098FCAC /* GoogleService-Info.plist in Resources */,
				1437ED76267C9BE10098FCAC /* LaunchScreen.storyboard in Resources */,
				1437ED73267C9BE10098FCAC /* Assets.xcassets in Resources */,
				1437ED71267C9BD80098FCAC /* Main.storyboard in Resources */,
			);
			runOnlyForDeploymentPostprocessing = 0;
		};
/* End PBXResourcesBuildPhase section */

/* Begin PBXShellScriptBuildPhase section */
		2C7A7058309B7BDC45AE6A96 /* [CP] Embed Pods Frameworks */ = {
			isa = PBXShellScriptBuildPhase;
			buildActionMask = 2147483647;
			files = (
			);
			inputFileListPaths = (
				"${PODS_ROOT}/Target Support Files/Pods-Messanger/Pods-Messanger-frameworks-${CONFIGURATION}-input-files.xcfilelist",
			);
			name = "[CP] Embed Pods Frameworks";
			outputFileListPaths = (
				"${PODS_ROOT}/Target Support Files/Pods-Messanger/Pods-Messanger-frameworks-${CONFIGURATION}-output-files.xcfilelist",
			);
			runOnlyForDeploymentPostprocessing = 0;
			shellPath = /bin/sh;
			shellScript = "\"${PODS_ROOT}/Target Support Files/Pods-Messanger/Pods-Messanger-frameworks.sh\"\n";
			showEnvVarsInLog = 0;
		};
		933D07342727376A59A9B890 /* [CP] Check Pods Manifest.lock */ = {
			isa = PBXShellScriptBuildPhase;
			buildActionMask = 2147483647;
			files = (
			);
			inputFileListPaths = (
			);
			inputPaths = (
				"${PODS_PODFILE_DIR_PATH}/Podfile.lock",
				"${PODS_ROOT}/Manifest.lock",
			);
			name = "[CP] Check Pods Manifest.lock";
			outputFileListPaths = (
			);
			outputPaths = (
				"$(DERIVED_FILE_DIR)/Pods-Messanger-checkManifestLockResult.txt",
			);
			runOnlyForDeploymentPostprocessing = 0;
			shellPath = /bin/sh;
			shellScript = "diff \"${PODS_PODFILE_DIR_PATH}/Podfile.lock\" \"${PODS_ROOT}/Manifest.lock\" > /dev/null\nif [ $? != 0 ] ; then\n    # print error to STDERR\n    echo \"error: The sandbox is not in sync with the Podfile.lock. Run 'pod install' or update your CocoaPods installation.\" >&2\n    exit 1\nfi\n# This output is used by Xcode 'outputs' to avoid re-running this script phase.\necho \"SUCCESS\" > \"${SCRIPT_OUTPUT_FILE_0}\"\n";
			showEnvVarsInLog = 0;
		};
/* End PBXShellScriptBuildPhase section */

/* Begin PBXSourcesBuildPhase section */
		1437ED62267C9BD80098FCAC /* Sources */ = {
			isa = PBXSourcesBuildPhase;
			buildActionMask = 2147483647;
			files = (
				1437ED6E267C9BD80098FCAC /* ViewController.swift in Sources */,
				1437ED6A267C9BD80098FCAC /* AppDelegate.swift in Sources */,
				1437ED6C267C9BD80098FCAC /* SceneDelegate.swift in Sources */,
			);
			runOnlyForDeploymentPostprocessing = 0;
		};
/* End PBXSourcesBuildPhase section */

/* Begin PBXVariantGroup section */
		1437ED6F267C9BD80098FCAC /* Main.storyboard */ = {
			isa = PBXVariantGroup;
			children = (
				1437ED70267C9BD80098FCAC /* Base */,
			);
			name = Main.storyboard;
			sourceTree = "<group>";
		};
		1437ED74267C9BE10098FCAC /* LaunchScreen.storyboard */ = {
			isa = PBXVariantGroup;
			children = (
				1437ED75267C9BE10098FCAC /* Base */,
			);
			name = LaunchScreen.storyboard;
			sourceTree = "<group>";
		};
/* End PBXVariantGroup section */

/* Begin XCBuildConfiguration section */
		1437ED78267C9BE10098FCAC /* Debug */ = {
			isa = XCBuildConfiguration;
			buildSettings = {
				ALWAYS_SEARCH_USER_PATHS = NO;
				CLANG_ANALYZER_NONNULL = YES;
				CLANG_ANALYZER_NUMBER_OBJECT_CONVERSION = YES_AGGRESSIVE;
				CLANG_CXX_LANGUAGE_STANDARD = "gnu++14";
				CLANG_CXX_LIBRARY = "libc++";
				CLANG_ENABLE_MODULES = YES;
				CLANG_ENABLE_OBJC_ARC = YES;
				CLANG_ENABLE_OBJC_WEAK = YES;
				CLANG_WARN_BLOCK_CAPTURE_AUTORELEASING = YES;
				CLANG_WARN_BOOL_CONVERSION = YES;
				CLANG_WARN_COMMA = YES;
				CLANG_WARN_CONSTANT_CONVERSION = YES;
				CLANG_WARN_DEPRECATED_OBJC_IMPLEMENTATIONS = YES;
				CLANG_WARN_DIRECT_OBJC_ISA_USAGE = YES_ERROR;
				CLANG_WARN_DOCUMENTATION_COMMENTS = YES;
				CLANG_WARN_EMPTY_BODY = YES;
				CLANG_WARN_ENUM_CONVERSION = YES;
				CLANG_WARN_INFINITE_RECURSION = YES;
				CLANG_WARN_INT_CONVERSION = YES;
				CLANG_WARN_NON_LITERAL_NULL_CONVERSION = YES;
				CLANG_WARN_OBJC_IMPLICIT_RETAIN_SELF = YES;
				CLANG_WARN_OBJC_LITERAL_CONVERSION = YES;
				CLANG_WARN_OBJC_ROOT_CLASS = YES_ERROR;
				CLANG_WARN_QUOTED_INCLUDE_IN_FRAMEWORK_HEADER = YES;
				CLANG_WARN_RANGE_LOOP_ANALYSIS = YES;
				CLANG_WARN_STRICT_PROTOTYPES = YES;
				CLANG_WARN_SUSPICIOUS_MOVE = YES;
				CLANG_WARN_UNGUARDED_AVAILABILITY = YES_AGGRESSIVE;
				CLANG_WARN_UNREACHABLE_CODE = YES;
				CLANG_WARN__DUPLICATE_METHOD_MATCH = YES;
				COPY_PHASE_STRIP = NO;
				DEBUG_INFORMATION_FORMAT = dwarf;
				ENABLE_STRICT_OBJC_MSGSEND = YES;
				ENABLE_TESTABILITY = YES;
				GCC_C_LANGUAGE_STANDARD = gnu11;
				GCC_DYNAMIC_NO_PIC = NO;
				GCC_NO_COMMON_BLOCKS = YES;
				GCC_OPTIMIZATION_LEVEL = 0;
				GCC_PREPROCESSOR_DEFINITIONS = (
					"DEBUG=1",
					"$(inherited)",
				);
				GCC_WARN_64_TO_32_BIT_CONVERSION = YES;
				GCC_WARN_ABOUT_RETURN_TYPE = YES_ERROR;
				GCC_WARN_UNDECLARED_SELECTOR = YES;
				GCC_WARN_UNINITIALIZED_AUTOS = YES_AGGRESSIVE;
				GCC_WARN_UNUSED_FUNCTION = YES;
				GCC_WARN_UNUSED_VARIABLE = YES;
				IPHONEOS_DEPLOYMENT_TARGET = 14.5;
				MTL_ENABLE_DEBUG_INFO = INCLUDE_SOURCE;
				MTL_FAST_MATH = YES;
				ONLY_ACTIVE_ARCH = YES;
				SDKROOT = iphoneos;
				SWIFT_ACTIVE_COMPILATION_CONDITIONS = DEBUG;
				SWIFT_OPTIMIZATION_LEVEL = "-Onone";
			};
			name = Debug;
		};
		1437ED79267C9BE10098FCAC /* Release */ = {
			isa = XCBuildConfiguration;
			buildSettings = {
				ALWAYS_SEARCH_USER_PATHS = NO;
				CLANG_ANALYZER_NONNULL = YES;
				CLANG_ANALYZER_NUMBER_OBJECT_CONVERSION = YES_AGGRESSIVE;
				CLANG_CXX_LANGUAGE_STANDARD = "gnu++14";
				CLANG_CXX_LIBRARY = "libc++";
				CLANG_ENABLE_MODULES = YES;
				CLANG_ENABLE_OBJC_ARC = YES;
				CLANG_ENABLE_OBJC_WEAK = YES;
				CLANG_WARN_BLOCK_CAPTURE_AUTORELEASING = YES;
				CLANG_WARN_BOOL_CONVERSION = YES;
				CLANG_WARN_COMMA = YES;
				CLANG_WARN_CONSTANT_CONVERSION = YES;
				CLANG_WARN_DEPRECATED_OBJC_IMPLEMENTATIONS = YES;
				CLANG_WARN_DIRECT_OBJC_ISA_USAGE = YES_ERROR;
				CLANG_WARN_DOCUMENTATION_COMMENTS = YES;
				CLANG_WARN_EMPTY_BODY = YES;
				CLANG_WARN_ENUM_CONVERSION = YES;
				CLANG_WARN_INFINITE_RECURSION = YES;
				CLANG_WARN_INT_CONVERSION = YES;
				CLANG_WARN_NON_LITERAL_NULL_CONVERSION = YES;
				CLANG_WARN_OBJC_IMPLICIT_RETAIN_SELF = YES;
				CLANG_WARN_OBJC_LITERAL_CONVERSION = YES;
				CLANG_WARN_OBJC_ROOT_CLASS = YES_ERROR;
				CLANG_WARN_QUOTED_INCLUDE_IN_FRAMEWORK_HEADER = YES;
				CLANG_WARN_RANGE_LOOP_ANALYSIS = YES;
				CLANG_WARN_STRICT_PROTOTYPES = YES;
				CLANG_WARN_SUSPICIOUS_MOVE = YES;
				CLANG_WARN_UNGUARDED_AVAILABILITY = YES_AGGRESSIVE;
				CLANG_WARN_UNREACHABLE_CODE = YES;
				CLANG_WARN__DUPLICATE_METHOD_MATCH = YES;
				COPY_PHASE_STRIP = NO;
				DEBUG_INFORMATION_FORMAT = "dwarf-with-dsym";
				ENABLE_NS_ASSERTIONS = NO;
				ENABLE_STRICT_OBJC_MSGSEND = YES;
				GCC_C_LANGUAGE_STANDARD = gnu11;
				GCC_NO_COMMON_BLOCKS = YES;
				GCC_WARN_64_TO_32_BIT_CONVERSION = YES;
				GCC_WARN_ABOUT_RETURN_TYPE = YES_ERROR;
				GCC_WARN_UNDECLARED_SELECTOR = YES;
				GCC_WARN_UNINITIALIZED_AUTOS = YES_AGGRESSIVE;
				GCC_WARN_UNUSED_FUNCTION = YES;
				GCC_WARN_UNUSED_VARIABLE = YES;
				IPHONEOS_DEPLOYMENT_TARGET = 14.5;
				MTL_ENABLE_DEBUG_INFO = NO;
				MTL_FAST_MATH = YES;
				SDKROOT = iphoneos;
				SWIFT_COMPILATION_MODE = wholemodule;
				SWIFT_OPTIMIZATION_LEVEL = "-O";
				VALIDATE_PRODUCT = YES;
			};
			name = Release;
		};
		1437ED7B267C9BE10098FCAC /* Debug */ = {
			isa = XCBuildConfiguration;
			baseConfigurationReference = 813318D33EB2C62257F2C890 /* Pods-Messanger.debug.xcconfig */;
			buildSettings = {
				ASSETCATALOG_COMPILER_APPICON_NAME = AppIcon;
				ASSETCATALOG_COMPILER_GLOBAL_ACCENT_COLOR_NAME = AccentColor;
				CODE_SIGN_STYLE = Automatic;
				DEVELOPMENT_TEAM = H3XRC65AH9;
				INFOPLIST_FILE = Messanger/Info.plist;
				IPHONEOS_DEPLOYMENT_TARGET = 14.0;
				LD_RUNPATH_SEARCH_PATHS = (
					"$(inherited)",
					"@executable_path/Frameworks",
				);
				PRODUCT_BUNDLE_IDENTIFIER = com.Messanger;
				PRODUCT_NAME = "$(TARGET_NAME)";
				SWIFT_VERSION = 5.0;
				TARGETED_DEVICE_FAMILY = 1;
			};
			name = Debug;
		};
		1437ED7C267C9BE10098FCAC /* Release */ = {
			isa = XCBuildConfiguration;
			baseConfigurationReference = F38A1B1A132988FC0ECF53B0 /* Pods-Messanger.release.xcconfig */;
			buildSettings = {
				ASSETCATALOG_COMPILER_APPICON_NAME = AppIcon;
				ASSETCATALOG_COMPILER_GLOBAL_ACCENT_COLOR_NAME = AccentColor;
				CODE_SIGN_STYLE = Automatic;
				DEVELOPMENT_TEAM = H3XRC65AH9;
				INFOPLIST_FILE = Messanger/Info.plist;
				IPHONEOS_DEPLOYMENT_TARGET = 14.0;
				LD_RUNPATH_SEARCH_PATHS = (
					"$(inherited)",
					"@executable_path/Frameworks",
				);
				PRODUCT_BUNDLE_IDENTIFIER = com.Messanger;
				PRODUCT_NAME = "$(TARGET_NAME)";
				SWIFT_VERSION = 5.0;
				TARGETED_DEVICE_FAMILY = 1;
			};
			name = Release;
		};
/* End XCBuildConfiguration section */

/* Begin XCConfigurationList section */
		1437ED61267C9BD80098FCAC /* Build configuration list for PBXProject "Messanger" */ = {
			isa = XCConfigurationList;
			buildConfigurations = (
				1437ED78267C9BE10098FCAC /* Debug */,
				1437ED79267C9BE10098FCAC /* Release */,
			);
			defaultConfigurationIsVisible = 0;
			defaultConfigurationName = Release;
		};
		1437ED7A267C9BE10098FCAC /* Build configuration list for PBXNativeTarget "Messanger" */ = {
			isa = XCConfigurationList;
			buildConfigurations = (
				1437ED7B267C9BE10098FCAC /* Debug */,
				1437ED7C267C9BE10098FCAC /* Release */,
			);
			defaultConfigurationIsVisible = 0;
			defaultConfigurationName = Release;
		};
/* End XCConfigurationList section */
	};
	rootObject = 1437ED5E267C9BD80098FCAC /* Project object */;
}
